
Microsoft Visual Studio Solution File, Format Version 12.00
# Visual Studio Version 16
VisualStudioVersion = 16.0.30907.101
MinimumVisualStudioVersion = 10.0.40219.1
Project("{FAE04EC0-301F-11D3-BF4B-00C04F79EFBC}") = "AccountCalc.Server", "AccountCalc.Server.csproj", "{10CEB81A-671E-4191-B1AC-58C5ABBB57CE}"
EndProject
Global
	GlobalSection(SolutionConfigurationPlatforms) = preSolution
		Debug|Any CPU = Debug|Any CPU
		Release|Any CPU = Release|Any CPU
	EndGlobalSection
	GlobalSection(ProjectConfigurationPlatforms) = postSolution
		{10CEB81A-671E-4191-B1AC-58C5ABBB57CE}.Debug|Any CPU.ActiveCfg = Debug|Any CPU
		{10CEB81A-671E-4191-B1AC-58C5ABBB57CE}.Debug|Any CPU.Build.0 = Debug|Any CPU
		{10CEB81A-671E-4191-B1AC-58C5ABBB57CE}.Release|Any CPU.ActiveCfg = Release|Any CPU
		{10CEB81A-671E-4191-B1AC-58C5ABBB57CE}.Release|Any CPU.Build.0 = Release|Any CPU
	EndGlobalSection
	GlobalSection(SolutionProperties) = preSolution
		HideSolutionNode = FALSE
	EndGlobalSection
	GlobalSection(ExtensibilityGlobals) = postSolution
		SolutionGuid = {CA447BA3-65CB-4436-B162-7BADF5D5D33E}
	EndGlobalSection
EndGlobal
